
Microsoft Visual Studio Solution File, Format Version 12.00
# Visual Studio Version 16
VisualStudioVersion = 16.0.29209.152
MinimumVisualStudioVersion = 10.0.40219.1
Project("{9A19103F-16F7-4668-BE54-9A1E7A4F7556}") = "ImageTextSearch", "ImageTextSearch\ImageTextSearch.csproj", "{BE3B1F87-7C83-4D44-AD08-5A0932CF1EDB}"
EndProject
Project("{9A19103F-16F7-4668-BE54-9A1E7A4F7556}") = "ImageTaggerClient", "ImageTaggerClient\ImageTaggerClient.csproj", "{7A532F34-9C4A-4EA8-A5EB-8F4A0564F856}"
EndProject
Project("{9A19103F-16F7-4668-BE54-9A1E7A4F7556}") = "BlazorModal", "BlazorModal\BlazorModal.csproj", "{32E8A0EF-E9C6-4B71-8739-DC8C08B27FAC}"
EndProject
Global
	GlobalSection(SolutionConfigurationPlatforms) = preSolution
		Debug|Any CPU = Debug|Any CPU
		Release|Any CPU = Release|Any CPU
	EndGlobalSection
	GlobalSection(ProjectConfigurationPlatforms) = postSolution
		{BE3B1F87-7C83-4D44-AD08-5A0932CF1EDB}.Debug|Any CPU.ActiveCfg = Debug|Any CPU
		{BE3B1F87-7C83-4D44-AD08-5A0932CF1EDB}.Debug|Any CPU.Build.0 = Debug|Any CPU
		{BE3B1F87-7C83-4D44-AD08-5A0932CF1EDB}.Release|Any CPU.ActiveCfg = Release|Any CPU
		{BE3B1F87-7C83-4D44-AD08-5A0932CF1EDB}.Release|Any CPU.Build.0 = Release|Any CPU
		{7A532F34-9C4A-4EA8-A5EB-8F4A0564F856}.Debug|Any CPU.ActiveCfg = Debug|Any CPU
		{7A532F34-9C4A-4EA8-A5EB-8F4A0564F856}.Debug|Any CPU.Build.0 = Debug|Any CPU
		{7A532F34-9C4A-4EA8-A5EB-8F4A0564F856}.Release|Any CPU.ActiveCfg = Release|Any CPU
		{7A532F34-9C4A-4EA8-A5EB-8F4A0564F856}.Release|Any CPU.Build.0 = Release|Any CPU
		{32E8A0EF-E9C6-4B71-8739-DC8C08B27FAC}.Debug|Any CPU.ActiveCfg = Debug|Any CPU
		{32E8A0EF-E9C6-4B71-8739-DC8C08B27FAC}.Debug|Any CPU.Build.0 = Debug|Any CPU
		{32E8A0EF-E9C6-4B71-8739-DC8C08B27FAC}.Release|Any CPU.ActiveCfg = Release|Any CPU
		{32E8A0EF-E9C6-4B71-8739-DC8C08B27FAC}.Release|Any CPU.Build.0 = Release|Any CPU
	EndGlobalSection
	GlobalSection(SolutionProperties) = preSolution
		HideSolutionNode = FALSE
	EndGlobalSection
	GlobalSection(ExtensibilityGlobals) = postSolution
		SolutionGuid = {8F431680-958F-418D-AA86-63217396400B}
	EndGlobalSection
EndGlobal
